
Microsoft Visual Studio Solution File, Format Version 12.00
# Visual Studio Version 16
VisualStudioVersion = 16.0.28922.388
MinimumVisualStudioVersion = 10.0.40219.1
Project("{FAE04EC0-301F-11D3-BF4B-00C04F79EFBC}") = "NAGPCloudAssignment", "NAGPCloudAssignment\NAGPCloudAssignment.csproj", "{635DAD03-FC71-4B72-BFB4-592565B61BED}"
EndProject
Global
	GlobalSection(SolutionConfigurationPlatforms) = preSolution
		Debug|Any CPU = Debug|Any CPU
		Release|Any CPU = Release|Any CPU
	EndGlobalSection
	GlobalSection(ProjectConfigurationPlatforms) = postSolution
		{635DAD03-FC71-4B72-BFB4-592565B61BED}.Debug|Any CPU.ActiveCfg = Debug|Any CPU
		{635DAD03-FC71-4B72-BFB4-592565B61BED}.Debug|Any CPU.Build.0 = Debug|Any CPU
		{635DAD03-FC71-4B72-BFB4-592565B61BED}.Release|Any CPU.ActiveCfg = Release|Any CPU
		{635DAD03-FC71-4B72-BFB4-592565B61BED}.Release|Any CPU.Build.0 = Release|Any CPU
	EndGlobalSection
	GlobalSection(SolutionProperties) = preSolution
		HideSolutionNode = FALSE
	EndGlobalSection
	GlobalSection(ExtensibilityGlobals) = postSolution
		SolutionGuid = {F66EA5AD-C758-4054-8494-9E119B3EA9A2}
	EndGlobalSection
EndGlobal
